
Microsoft Visual Studio Solution File, Format Version 12.00
# Visual Studio Version 17
VisualStudioVersion = 17.2.32616.157
MinimumVisualStudioVersion = 10.0.40219.1
Project("{FAE04EC0-301F-11D3-BF4B-00C04F79EFBC}") = "CamadaApresentacao", "CamadaApresentacao\CamadaApresentacao.csproj", "{33319858-5E0E-42E5-9ADA-9AC5A6F2DBE8}"
EndProject
Project("{FAE04EC0-301F-11D3-BF4B-00C04F79EFBC}") = "CamadaNegocio", "CamadaNegocio\CamadaNegocio.csproj", "{87F69118-4A3F-4CE9-B843-5F9BA44BA83B}"
EndProject
Project("{FAE04EC0-301F-11D3-BF4B-00C04F79EFBC}") = "CamadaDado", "CamadaDado\CamadaDado.csproj", "{88B8A835-B24D-471E-A5E2-A6441D8C803C}"
EndProject
Project("{FAE04EC0-301F-11D3-BF4B-00C04F79EFBC}") = "SystemComercio", "SystemComercio\SystemComercio.csproj", "{3278BE90-356B-44C5-938C-C443C1EABB37}"
EndProject
Global
	GlobalSection(SolutionConfigurationPlatforms) = preSolution
		Debug|Any CPU = Debug|Any CPU
		Release|Any CPU = Release|Any CPU
	EndGlobalSection
	GlobalSection(ProjectConfigurationPlatforms) = postSolution
		{33319858-5E0E-42E5-9ADA-9AC5A6F2DBE8}.Debug|Any CPU.ActiveCfg = Debug|Any CPU
		{33319858-5E0E-42E5-9ADA-9AC5A6F2DBE8}.Debug|Any CPU.Build.0 = Debug|Any CPU
		{33319858-5E0E-42E5-9ADA-9AC5A6F2DBE8}.Release|Any CPU.ActiveCfg = Release|Any CPU
		{33319858-5E0E-42E5-9ADA-9AC5A6F2DBE8}.Release|Any CPU.Build.0 = Release|Any CPU
		{87F69118-4A3F-4CE9-B843-5F9BA44BA83B}.Debug|Any CPU.ActiveCfg = Debug|Any CPU
		{87F69118-4A3F-4CE9-B843-5F9BA44BA83B}.Debug|Any CPU.Build.0 = Debug|Any CPU
		{87F69118-4A3F-4CE9-B843-5F9BA44BA83B}.Release|Any CPU.ActiveCfg = Release|Any CPU
		{87F69118-4A3F-4CE9-B843-5F9BA44BA83B}.Release|Any CPU.Build.0 = Release|Any CPU
		{88B8A835-B24D-471E-A5E2-A6441D8C803C}.Debug|Any CPU.ActiveCfg = Debug|Any CPU
		{88B8A835-B24D-471E-A5E2-A6441D8C803C}.Debug|Any CPU.Build.0 = Debug|Any CPU
		{88B8A835-B24D-471E-A5E2-A6441D8C803C}.Release|Any CPU.ActiveCfg = Release|Any CPU
		{88B8A835-B24D-471E-A5E2-A6441D8C803C}.Release|Any CPU.Build.0 = Release|Any CPU
		{3278BE90-356B-44C5-938C-C443C1EABB37}.Debug|Any CPU.ActiveCfg = Debug|Any CPU
		{3278BE90-356B-44C5-938C-C443C1EABB37}.Debug|Any CPU.Build.0 = Debug|Any CPU
		{3278BE90-356B-44C5-938C-C443C1EABB37}.Release|Any CPU.ActiveCfg = Release|Any CPU
		{3278BE90-356B-44C5-938C-C443C1EABB37}.Release|Any CPU.Build.0 = Release|Any CPU
	EndGlobalSection
	GlobalSection(SolutionProperties) = preSolution
		HideSolutionNode = FALSE
	EndGlobalSection
	GlobalSection(ExtensibilityGlobals) = postSolution
		SolutionGuid = {0D67A262-DEA4-44C9-9CF5-2258412F8D2F}
	EndGlobalSection
EndGlobal
